
Microsoft Visual Studio Solution File, Format Version 12.00
# Visual Studio Version 17
VisualStudioVersion = 17.6.33829.357
MinimumVisualStudioVersion = 10.0.40219.1
Project("{FAE04EC0-301F-11D3-BF4B-00C04F79EFBC}") = "kashka", "kashka\kashka.csproj", "{FE77CD09-DE49-4FAD-9931-1604854046F9}"
EndProject
Global
	GlobalSection(SolutionConfigurationPlatforms) = preSolution
		Debug|Any CPU = Debug|Any CPU
		Release|Any CPU = Release|Any CPU
	EndGlobalSection
	GlobalSection(ProjectConfigurationPlatforms) = postSolution
		{FE77CD09-DE49-4FAD-9931-1604854046F9}.Debug|Any CPU.ActiveCfg = Debug|Any CPU
		{FE77CD09-DE49-4FAD-9931-1604854046F9}.Debug|Any CPU.Build.0 = Debug|Any CPU
		{FE77CD09-DE49-4FAD-9931-1604854046F9}.Release|Any CPU.ActiveCfg = Release|Any CPU
		{FE77CD09-DE49-4FAD-9931-1604854046F9}.Release|Any CPU.Build.0 = Release|Any CPU
	EndGlobalSection
	GlobalSection(SolutionProperties) = preSolution
		HideSolutionNode = FALSE
	EndGlobalSection
	GlobalSection(ExtensibilityGlobals) = postSolution
		SolutionGuid = {BED7C4AD-B34F-4F5F-90E2-D6BAC0211035}
	EndGlobalSection
EndGlobal
